
Microsoft Visual Studio Solution File, Format Version 10.00
# Visual Studio 2008
Project("{FAE04EC0-301F-11D3-BF4B-00C04F79EFBC}") = "Schedule", "Schedule\Schedule.csproj", "{DAAFF2BA-2332-4D32-A5C5-DDEDAF574A8D}"
EndProject
Global
	GlobalSection(SolutionConfigurationPlatforms) = preSolution
		Debug|Any CPU = Debug|Any CPU
		Release|Any CPU = Release|Any CPU
	EndGlobalSection
	GlobalSection(ProjectConfigurationPlatforms) = postSolution
		{DAAFF2BA-2332-4D32-A5C5-DDEDAF574A8D}.Debug|Any CPU.ActiveCfg = Debug|Any CPU
		{DAAFF2BA-2332-4D32-A5C5-DDEDAF574A8D}.Debug|Any CPU.Build.0 = Debug|Any CPU
		{DAAFF2BA-2332-4D32-A5C5-DDEDAF574A8D}.Release|Any CPU.ActiveCfg = Release|Any CPU
		{DAAFF2BA-2332-4D32-A5C5-DDEDAF574A8D}.Release|Any CPU.Build.0 = Release|Any CPU
	EndGlobalSection
	GlobalSection(SolutionProperties) = preSolution
		HideSolutionNode = FALSE
	EndGlobalSection
EndGlobal
